// !$*UTF8*$!
{
	archiveVersion = 1;
	classes = {
	};
	objectVersion = 46;
	objects = {

/* Begin PBXBuildFile section */
		98154CFD1CD4A96C0003EE6C /* Yesterday.mp3 in Resources */ = {isa = PBXBuildFile; fileRef = 98154CFC1CD4A96C0003EE6C /* Yesterday.mp3 */; };
		98154CFF1CD4A9C30003EE6C /* AppDelegate.swift in Sources */ = {isa = PBXBuildFile; fileRef = 98154CFE1CD4A9C30003EE6C /* AppDelegate.swift */; };
		98350DA31CD458E200ECD092 /* ViewController.swift in Sources */ = {isa = PBXBuildFile; fileRef = 98350DA21CD458E200ECD092 /* ViewController.swift */; };
		98350DA61CD458E200ECD092 /* Main.storyboard in Resources */ = {isa = PBXBuildFile; fileRef = 98350DA41CD458E200ECD092 /* Main.storyboard */; };
		98350DA81CD458E200ECD092 /* Assets.xcassets in Resources */ = {isa = PBXBuildFile; fileRef = 98350DA71CD458E200ECD092 /* Assets.xcassets */; };
		98350DAB1CD458E200ECD092 /* LaunchScreen.storyboard in Resources */ = {isa = PBXBuildFile; fileRef = 98350DA91CD458E200ECD092 /* LaunchScreen.storyboard */; };
		98350DB61CD458E200ECD092 /* MyTinTests.swift in Sources */ = {isa = PBXBuildFile; fileRef = 98350DB51CD458E200ECD092 /* MyTinTests.swift */; };
		98350DC11CD458E200ECD092 /* MyTinUITests.swift in Sources */ = {isa = PBXBuildFile; fileRef = 98350DC01CD458E200ECD092 /* MyTinUITests.swift */; };
/* End PBXBuildFile section */

/* Begin PBXContainerItemProxy section */
		98350DB21CD458E200ECD092 /* PBXContainerItemProxy */ = {
			isa = PBXContainerItemProxy;
			containerPortal = 98350D951CD458E100ECD092 /* Project object */;
			proxyType = 1;
			remoteGlobalIDString = 98350D9C1CD458E100ECD092;
			remoteInfo = MyTin;
		};
		98350DBD1CD458E200ECD092 /* PBXContainerItemProxy */ = {
			isa = PBXContainerItemProxy;
			containerPortal = 98350D951CD458E100ECD092 /* Project object */;
			proxyType = 1;
			remoteGlobalIDString = 98350D9C1CD458E100ECD092;
			remoteInfo = MyTin;
		};
/* End PBXContainerItemProxy section */

/* Begin PBXFileReference section */
		98154CFC1CD4A96C0003EE6C /* Yesterday.mp3 */ = {isa = PBXFileReference; lastKnownFileType = audio.mp3; path = Yesterday.mp3; sourceTree = "<group>"; };
		98154CFE1CD4A9C30003EE6C /* AppDelegate.swift */ = {isa = PBXFileReference; fileEncoding = 4; lastKnownFileType = sourcecode.swift; path = AppDelegate.swift; sourceTree = "<group>"; };
		98350D9D1CD458E200ECD092 /* MyTin.app */ = {isa = PBXFileReference; explicitFileType = wrapper.application; includeInIndex = 0; path = MyTin.app; sourceTree = BUILT_PRODUCTS_DIR; };
		98350DA21CD458E200ECD092 /* ViewController.swift */ = {isa = PBXFileReference; lastKnownFileType = sourcecode.swift; path = ViewController.swift; sourceTree = "<group>"; };
		98350DA51CD458E200ECD092 /* Base */ = {isa = PBXFileReference; lastKnownFileType = file.storyboard; name = Base; path = Base.lproj/Main.storyboard; sourceTree = "<group>"; };
		98350DA71CD458E200ECD092 /* Assets.xcassets */ = {isa = PBXFileReference; lastKnownFileType = folder.assetcatalog; path = Assets.xcassets; sourceTree = "<group>"; };
		98350DAA1CD458E200ECD092 /* Base */ = {isa = PBXFileReference; lastKnownFileType = file.storyboard; name = Base; path = Base.lproj/LaunchScreen.storyboard; sourceTree = "<group>"; };
		98350DAC1CD458E200ECD092 /* Info.plist */ = {isa = PBXFileReference; lastKnownFileType = text.plist.xml; path = Info.plist; sourceTree = "<group>"; };
		98350DB11CD458E200ECD092 /* MyTinTests.xctest */ = {isa = PBXFileReference; explicitFileType = wrapper.cfbundle; includeInIndex = 0; path = MyTinTests.xctest; sourceTree = BUILT_PRODUCTS_DIR; };
		98350DB51CD458E200ECD092 /* MyTinTests.swift */ = {isa = PBXFileReference; lastKnownFileType = sourcecode.swift; path = MyTinTests.swift; sourceTree = "<group>"; };
		98350DB71CD458E200ECD092 /* Info.plist */ = {isa = PBXFileReference; lastKnownFileType = text.plist.xml; path = Info.plist; sourceTree = "<group>"; };
		98350DBC1CD458E200ECD092 /* MyTinUITests.xctest */ = {isa = PBXFileReference; explicitFileType = wrapper.cfbundle; includeInIndex = 0; path = MyTinUITests.xctest; sourceTree = BUILT_PRODUCTS_DIR; };
		98350DC01CD458E200ECD092 /* MyTinUITests.swift */ = {isa = PBXFileReference; lastKnownFileType = sourcecode.swift; path = MyTinUITests.swift; sourceTree = "<group>"; };
		98350DC21CD458E200ECD092 /* Info.plist */ = {isa = PBXFileReference; lastKnownFileType = text.plist.xml; path = Info.plist; sourceTree = "<group>"; };
/* End PBXFileReference section */

/* Begin PBXFrameworksBuildPhase section */
		98350D9A1CD458E100ECD092 /* Frameworks */ = {
			isa = PBXFrameworksBuildPhase;
			buildActionMask = 2147483647;
			files = (
			);
			runOnlyForDeploymentPostprocessing = 0;
		};
		98350DAE1CD458E200ECD092 /* Frameworks */ = {
			isa = PBXFrameworksBuildPhase;
			buildActionMask = 2147483647;
			files = (
			);
			runOnlyForDeploymentPostprocessing = 0;
		};
		98350DB91CD458E200ECD092 /* Frameworks */ = {
			isa = PBXFrameworksBuildPhase;
			buildActionMask = 2147483647;
			files = (
			);
			runOnlyForDeploymentPostprocessing = 0;
		};
/* End PBXFrameworksBuildPhase section */

/* Begin PBXGroup section */
		98350D941CD458E100ECD092 = {
			isa = PBXGroup;
			children = (
				98350D9F1CD458E200ECD092 /* MyTin */,
				98350DB41CD458E200ECD092 /* MyTinTests */,
				98350DBF1CD458E200ECD092 /* MyTinUITests */,
				98350D9E1CD458E200ECD092 /* Products */,
			);
			sourceTree = "<group>";
		};
		98350D9E1CD458E200ECD092 /* Products */ = {
			isa = PBXGroup;
			children = (
				98350D9D1CD458E200ECD092 /* MyTin.app */,
				98350DB11CD458E200ECD092 /* MyTinTests.xctest */,
				98350DBC1CD458E200ECD092 /* MyTinUITests.xctest */,
			);
			name = Products;
			sourceTree = "<group>";
		};
		98350D9F1CD458E200ECD092 /* MyTin */ = {
			isa = PBXGroup;
			children = (
				98350DA21CD458E200ECD092 /* ViewController.swift */,
				98154CFE1CD4A9C30003EE6C /* AppDelegate.swift */,
				98154CFC1CD4A96C0003EE6C /* Yesterday.mp3 */,
				98350DA41CD458E200ECD092 /* Main.storyboard */,
				98350DA71CD458E200ECD092 /* Assets.xcassets */,
				98350DA91CD458E200ECD092 /* LaunchScreen.storyboard */,
				98350DAC1CD458E200ECD092 /* Info.plist */,
			);
			path = MyTin;
			sourceTree = "<group>";
		};
		98350DB41CD458E200ECD092 /* MyTinTests */ = {
			isa = PBXGroup;
			children = (
				98350DB51CD458E200ECD092 /* MyTinTests.swift */,
				98350DB71CD458E200ECD092 /* Info.plist */,
			);
			path = MyTinTests;
			sourceTree = "<group>";
		};
		98350DBF1CD458E200ECD092 /* MyTinUITests */ = {
			isa = PBXGroup;
			children = (
				98350DC01CD458E200ECD092 /* MyTinUITests.swift */,
				98350DC21CD458E200ECD092 /* Info.plist */,
			);
			path = MyTinUITests;
			sourceTree = "<group>";
		};
/* End PBXGroup section */

/* Begin PBXNativeTarget section */
		98350D9C1CD458E100ECD092 /* MyTin */ = {
			isa = PBXNativeTarget;
			buildConfigurationList = 98350DC51CD458E200ECD092 /* Build configuration list for PBXNativeTarget "MyTin" */;
			buildPhases = (
				98350D991CD458E100ECD092 /* Sources */,
				98350D9A1CD458E100ECD092 /* Frameworks */,
				98350D9B1CD458E100ECD092 /* Resources */,
			);
			buildRules = (
			);
			dependencies = (
			);
			name = MyTin;
			productName = MyTin;
			productReference = 98350D9D1CD458E200ECD092 /* MyTin.app */;
			productType = "com.apple.product-type.application";
		};
		98350DB01CD458E200ECD092 /* MyTinTests */ = {
			isa = PBXNativeTarget;
			buildConfigurationList = 98350DC81CD458E200ECD092 /* Build configuration list for PBXNativeTarget "MyTinTests" */;
			buildPhases = (
				98350DAD1CD458E200ECD092 /* Sources */,
				98350DAE1CD458E200ECD092 /* Frameworks */,
				98350DAF1CD458E200ECD092 /* Resources */,
			);
			buildRules = (
			);
			dependencies = (
				98350DB31CD458E200ECD092 /* PBXTargetDependency */,
			);
			name = MyTinTests;
			productName = MyTinTests;
			productReference = 98350DB11CD458E200ECD092 /* MyTinTests.xctest */;
			productType = "com.apple.product-type.bundle.unit-test";
		};
		98350DBB1CD458E200ECD092 /* MyTinUITests */ = {
			isa = PBXNativeTarget;
			buildConfigurationList = 98350DCB1CD458E200ECD092 /* Build configuration list for PBXNativeTarget "MyTinUITests" */;
			buildPhases = (
				98350DB81CD458E200ECD092 /* Sources */,
				98350DB91CD458E200ECD092 /* Frameworks */,
				98350DBA1CD458E200ECD092 /* Resources */,
			);
			buildRules = (
			);
			dependencies = (
				98350DBE1CD458E200ECD092 /* PBXTargetDependency */,
			);
			name = MyTinUITests;
			productName = MyTinUITests;
			productReference = 98350DBC1CD458E200ECD092 /* MyTinUITests.xctest */;
			productType = "com.apple.product-type.bundle.ui-testing";
		};
/* End PBXNativeTarget section */

/* Begin PBXProject section */
		98350D951CD458E100ECD092 /* Project object */ = {
			isa = PBXProject;
			attributes = {
				LastSwiftUpdateCheck = 0730;
				LastUpgradeCheck = 0730;
				ORGANIZATIONNAME = LinChengYen;
				TargetAttributes = {
					98350D9C1CD458E100ECD092 = {
						CreatedOnToolsVersion = 7.3;
						DevelopmentTeam = 3MLQ7UCLJW;
					};
					98350DB01CD458E200ECD092 = {
						CreatedOnToolsVersion = 7.3;
						TestTargetID = 98350D9C1CD458E100ECD092;
					};
					98350DBB1CD458E200ECD092 = {
						CreatedOnToolsVersion = 7.3;
						TestTargetID = 98350D9C1CD458E100ECD092;
					};
				};
			};
			buildConfigurationList = 98350D981CD458E100ECD092 /* Build configuration list for PBXProject "MyTin" */;
			compatibilityVersion = "Xcode 3.2";
			developmentRegion = English;
			hasScannedForEncodings = 0;
			knownRegions = (
				en,
				Base,
			);
			mainGroup = 98350D941CD458E100ECD092;
			productRefGroup = 98350D9E1CD458E200ECD092 /* Products */;
			projectDirPath = "";
			projectRoot = "";
			targets = (
				98350D9C1CD458E100ECD092 /* MyTin */,
				98350DB01CD458E200ECD092 /* MyTinTests */,
				98350DBB1CD458E200ECD092 /* MyTinUITests */,
			);
		};
/* End PBXProject section */

/* Begin PBXResourcesBuildPhase section */
		98350D9B1CD458E100ECD092 /* Resources */ = {
			isa = PBXResourcesBuildPhase;
			buildActionMask = 2147483647;
			files = (
				98350DAB1CD458E200ECD092 /* LaunchScreen.storyboard in Resources */,
				98154CFD1CD4A96C0003EE6C /* Yesterday.mp3 in Resources */,
				98350DA81CD458E200ECD092 /* Assets.xcassets in Resources */,
				98350DA61CD458E200ECD092 /* Main.storyboard in Resources */,
			);
			runOnlyForDeploymentPostprocessing = 0;
		};
		98350DAF1CD458E200ECD092 /* Resources */ = {
			isa = PBXResourcesBuildPhase;
			buildActionMask = 2147483647;
			files = (
			);
			runOnlyForDeploymentPostprocessing = 0;
		};
		98350DBA1CD458E200ECD092 /* Resources */ = {
			isa = PBXResourcesBuildPhase;
			buildActionMask = 2147483647;
			files = (
			);
			runOnlyForDeploymentPostprocessing = 0;
		};
/* End PBXResourcesBuildPhase section */

/* Begin PBXSourcesBuildPhase section */
		98350D991CD458E100ECD092 /* Sources */ = {
			isa = PBXSourcesBuildPhase;
			buildActionMask = 2147483647;
			files = (
				98154CFF1CD4A9C30003EE6C /* AppDelegate.swift in Sources */,
				98350DA31CD458E200ECD092 /* ViewController.swift in Sources */,
			);
			runOnlyForDeploymentPostprocessing = 0;
		};
		98350DAD1CD458E200ECD092 /* Sources */ = {
			isa = PBXSourcesBuildPhase;
			buildActionMask = 2147483647;
			files = (
				98350DB61CD458E200ECD092 /* MyTinTests.swift in Sources */,
			);
			runOnlyForDeploymentPostprocessing = 0;
		};
		98350DB81CD458E200ECD092 /* Sources */ = {
			isa = PBXSourcesBuildPhase;
			buildActionMask = 2147483647;
			files = (
				98350DC11CD458E200ECD092 /* MyTinUITests.swift in Sources */,
			);
			runOnlyForDeploymentPostprocessing = 0;
		};
/* End PBXSourcesBuildPhase section */

/* Begin PBXTargetDependency section */
		98350DB31CD458E200ECD092 /* PBXTargetDependency */ = {
			isa = PBXTargetDependency;
			target = 98350D9C1CD458E100ECD092 /* MyTin */;
			targetProxy = 98350DB21CD458E200ECD092 /* PBXContainerItemProxy */;
		};
		98350DBE1CD458E200ECD092 /* PBXTargetDependency */ = {
			isa = PBXTargetDependency;
			target = 98350D9C1CD458E100ECD092 /* MyTin */;
			targetProxy = 98350DBD1CD458E200ECD092 /* PBXContainerItemProxy */;
		};
/* End PBXTargetDependency section */

/* Begin PBXVariantGroup section */
		98350DA41CD458E200ECD092 /* Main.storyboard */ = {
			isa = PBXVariantGroup;
			children = (
				98350DA51CD458E200ECD092 /* Base */,
			);
			name = Main.storyboard;
			sourceTree = "<group>";
		};
		98350DA91CD458E200ECD092 /* LaunchScreen.storyboard */ = {
			isa = PBXVariantGroup;
			children = (
				98350DAA1CD458E200ECD092 /* Base */,
			);
			name = LaunchScreen.storyboard;
			sourceTree = "<group>";
		};
/* End PBXVariantGroup section */

/* Begin XCBuildConfiguration section */
		98350DC31CD458E200ECD092 /* Debug */ = {
			isa = XCBuildConfiguration;
			buildSettings = {
				ALWAYS_SEARCH_USER_PATHS = NO;
				CLANG_ANALYZER_NONNULL = YES;
				CLANG_CXX_LANGUAGE_STANDARD = "gnu++0x";
				CLANG_CXX_LIBRARY = "libc++";
				CLANG_ENABLE_MODULES = YES;
				CLANG_ENABLE_OBJC_ARC = YES;
				CLANG_WARN_BOOL_CONVERSION = YES;
				CLANG_WARN_CONSTANT_CONVERSION = YES;
				CLANG_WARN_DIRECT_OBJC_ISA_USAGE = YES_ERROR;
				CLANG_WARN_EMPTY_BODY = YES;
				CLANG_WARN_ENUM_CONVERSION = YES;
				CLANG_WARN_INT_CONVERSION = YES;
				CLANG_WARN_OBJC_ROOT_CLASS = YES_ERROR;
				CLANG_WARN_UNREACHABLE_CODE = YES;
				CLANG_WARN__DUPLICATE_METHOD_MATCH = YES;
				"CODE_SIGN_IDENTITY[sdk=iphoneos*]" = "iPhone Developer";
				COPY_PHASE_STRIP = NO;
				DEBUG_INFORMATION_FORMAT = dwarf;
				ENABLE_STRICT_OBJC_MSGSEND = YES;
				ENABLE_TESTABILITY = YES;
				GCC_C_LANGUAGE_STANDARD = gnu99;
				GCC_DYNAMIC_NO_PIC = NO;
				GCC_NO_COMMON_BLOCKS = YES;
				GCC_OPTIMIZATION_LEVEL = 0;
				GCC_PREPROCESSOR_DEFINITIONS = (
					"DEBUG=1",
					"$(inherited)",
				);
				GCC_WARN_64_TO_32_BIT_CONVERSION = YES;
				GCC_WARN_ABOUT_RETURN_TYPE = YES_ERROR;
				GCC_WARN_UNDECLARED_SELECTOR = YES;
				GCC_WARN_UNINITIALIZED_AUTOS = YES_AGGRESSIVE;
				GCC_WARN_UNUSED_FUNCTION = YES;
				GCC_WARN_UNUSED_VARIABLE = YES;
				IPHONEOS_DEPLOYMENT_TARGET = 9.3;
				MTL_ENABLE_DEBUG_INFO = YES;
				ONLY_ACTIVE_ARCH = YES;
				SDKROOT = iphoneos;
				SWIFT_OPTIMIZATION_LEVEL = "-Onone";
			};
			name = Debug;
		};
		98350DC41CD458E200ECD092 /* Release */ = {
			isa = XCBuildConfiguration;
			buildSettings = {
				ALWAYS_SEARCH_USER_PATHS = NO;
				CLANG_ANALYZER_NONNULL = YES;
				CLANG_CXX_LANGUAGE_STANDARD = "gnu++0x";
				CLANG_CXX_LIBRARY = "libc++";
				CLANG_ENABLE_MODULES = YES;
				CLANG_ENABLE_OBJC_ARC = YES;
				CLANG_WARN_BOOL_CONVERSION = YES;
				CLANG_WARN_CONSTANT_CONVERSION = YES;
				CLANG_WARN_DIRECT_OBJC_ISA_USAGE = YES_ERROR;
				CLANG_WARN_EMPTY_BODY = YES;
				CLANG_WARN_ENUM_CONVERSION = YES;
				CLANG_WARN_INT_CONVERSION = YES;
				CLANG_WARN_OBJC_ROOT_CLASS = YES_ERROR;
				CLANG_WARN_UNREACHABLE_CODE = YES;
				CLANG_WARN__DUPLICATE_METHOD_MATCH = YES;
				"CODE_SIGN_IDENTITY[sdk=iphoneos*]" = "iPhone Developer";
				COPY_PHASE_STRIP = NO;
				DEBUG_INFORMATION_FORMAT = "dwarf-with-dsym";
				ENABLE_NS_ASSERTIONS = NO;
				ENABLE_STRICT_OBJC_MSGSEND = YES;
				GCC_C_LANGUAGE_STANDARD = gnu99;
				GCC_NO_COMMON_BLOCKS = YES;
				GCC_WARN_64_TO_32_BIT_CONVERSION = YES;
				GCC_WARN_ABOUT_RETURN_TYPE = YES_ERROR;
				GCC_WARN_UNDECLARED_SELECTOR = YES;
				GCC_WARN_UNINITIALIZED_AUTOS = YES_AGGRESSIVE;
				GCC_WARN_UNUSED_FUNCTION = YES;
				GCC_WARN_UNUSED_VARIABLE = YES;
				IPHONEOS_DEPLOYMENT_TARGET = 9.3;
				MTL_ENABLE_DEBUG_INFO = NO;
				SDKROOT = iphoneos;
				VALIDATE_PRODUCT = YES;
			};
			name = Release;
		};
		98350DC61CD458E200ECD092 /* Debug */ = {
			isa = XCBuildConfiguration;
			buildSettings = {
				ASSETCATALOG_COMPILER_APPICON_NAME = AppIcon;
				CODE_SIGN_IDENTITY = "iPhone Developer";
				INFOPLIST_FILE = MyTin/Info.plist;
				LD_RUNPATH_SEARCH_PATHS = "$(inherited) @executable_path/Frameworks";
				PRODUCT_BUNDLE_IDENTIFIER = com.niceinfos.MyTin;
				PRODUCT_NAME = "$(TARGET_NAME)";
			};
			name = Debug;
		};
		98350DC71CD458E200ECD092 /* Release */ = {
			isa = XCBuildConfiguration;
			buildSettings = {
				ASSETCATALOG_COMPILER_APPICON_NAME = AppIcon;
				CODE_SIGN_IDENTITY = "iPhone Developer";
				INFOPLIST_FILE = MyTin/Info.plist;
				LD_RUNPATH_SEARCH_PATHS = "$(inherited) @executable_path/Frameworks";
				PRODUCT_BUNDLE_IDENTIFIER = com.niceinfos.MyTin;
				PRODUCT_NAME = "$(TARGET_NAME)";
			};
			name = Release;
		};
		98350DC91CD458E200ECD092 /* Debug */ = {
			isa = XCBuildConfiguration;
			buildSettings = {
				BUNDLE_LOADER = "$(TEST_HOST)";
				INFOPLIST_FILE = MyTinTests/Info.plist;
				LD_RUNPATH_SEARCH_PATHS = "$(inherited) @executable_path/Frameworks @loader_path/Frameworks";
				PRODUCT_BUNDLE_IDENTIFIER = com.niceinfos.MyTinTests;
				PRODUCT_NAME = "$(TARGET_NAME)";
				TEST_HOST = "$(BUILT_PRODUCTS_DIR)/MyTin.app/MyTin";
			};
			name = Debug;
		};
		98350DCA1CD458E200ECD092 /* Release */ = {
			isa = XCBuildConfiguration;
			buildSettings = {
				BUNDLE_LOADER = "$(TEST_HOST)";
				INFOPLIST_FILE = MyTinTests/Info.plist;
				LD_RUNPATH_SEARCH_PATHS = "$(inherited) @executable_path/Frameworks @loader_path/Frameworks";
				PRODUCT_BUNDLE_IDENTIFIER = com.niceinfos.MyTinTests;
				PRODUCT_NAME = "$(TARGET_NAME)";
				TEST_HOST = "$(BUILT_PRODUCTS_DIR)/MyTin.app/MyTin";
			};
			name = Release;
		};
		98350DCC1CD458E200ECD092 /* Debug */ = {
			isa = XCBuildConfiguration;
			buildSettings = {
				INFOPLIST_FILE = MyTinUITests/Info.plist;
				LD_RUNPATH_SEARCH_PATHS = "$(inherited) @executable_path/Frameworks @loader_path/Frameworks";
				PRODUCT_BUNDLE_IDENTIFIER = com.niceinfos.MyTinUITests;
				PRODUCT_NAME = "$(TARGET_NAME)";
				TEST_TARGET_NAME = MyTin;
			};
			name = Debug;
		};
		98350DCD1CD458E200ECD092 /* Release */ = {
			isa = XCBuildConfiguration;
			buildSettings = {
				INFOPLIST_FILE = MyTinUITests/Info.plist;
				LD_RUNPATH_SEARCH_PATHS = "$(inherited) @executable_path/Frameworks @loader_path/Frameworks";
				PRODUCT_BUNDLE_IDENTIFIER = com.niceinfos.MyTinUITests;
				PRODUCT_NAME = "$(TARGET_NAME)";
				TEST_TARGET_NAME = MyTin;
			};
			name = Release;
		};
/* End XCBuildConfiguration section */

/* Begin XCConfigurationList section */
		98350D981CD458E100ECD092 /* Build configuration list for PBXProject "MyTin" */ = {
			isa = XCConfigurationList;
			buildConfigurations = (
				98350DC31CD458E200ECD092 /* Debug */,
				98350DC41CD458E200ECD092 /* Release */,
			);
			defaultConfigurationIsVisible = 0;
			defaultConfigurationName = Release;
		};
		98350DC51CD458E200ECD092 /* Build configuration list for PBXNativeTarget "MyTin" */ = {
			isa = XCConfigurationList;
			buildConfigurations = (
				98350DC61CD458E200ECD092 /* Debug */,
				98350DC71CD458E200ECD092 /* Release */,
			);
			defaultConfigurationIsVisible = 0;
			defaultConfigurationName = Release;
		};
		98350DC81CD458E200ECD092 /* Build configuration list for PBXNativeTarget "MyTinTests" */ = {
			isa = XCConfigurationList;
			buildConfigurations = (
				98350DC91CD458E200ECD092 /* Debug */,
				98350DCA1CD458E200ECD092 /* Release */,
			);
			defaultConfigurationIsVisible = 0;
			defaultConfigurationName = Release;
		};
		98350DCB1CD458E200ECD092 /* Build configuration list for PBXNativeTarget "MyTinUITests" */ = {
			isa = XCConfigurationList;
			buildConfigurations = (
				98350DCC1CD458E200ECD092 /* Debug */,
				98350DCD1CD458E200ECD092 /* Release */,
			);
			defaultConfigurationIsVisible = 0;
			defaultConfigurationName = Release;
		};
/* End XCConfigurationList section */
	};
	rootObject = 98350D951CD458E100ECD092 /* Project object */;
}
